
Microsoft Visual Studio Solution File, Format Version 12.00
Project("{FAE04EC0-301F-11D3-BF4B-00C04F79EFBC}") = "H03-Deling", "H03-Deling\H03-Deling.csproj", "{548FB187-D02C-473E-8FDF-E9183B0622CB}"
EndProject
Global
	GlobalSection(SolutionConfigurationPlatforms) = preSolution
		Debug|Any CPU = Debug|Any CPU
		Release|Any CPU = Release|Any CPU
	EndGlobalSection
	GlobalSection(ProjectConfigurationPlatforms) = postSolution
		{548FB187-D02C-473E-8FDF-E9183B0622CB}.Debug|Any CPU.ActiveCfg = Debug|Any CPU
		{548FB187-D02C-473E-8FDF-E9183B0622CB}.Debug|Any CPU.Build.0 = Debug|Any CPU
		{548FB187-D02C-473E-8FDF-E9183B0622CB}.Release|Any CPU.ActiveCfg = Release|Any CPU
		{548FB187-D02C-473E-8FDF-E9183B0622CB}.Release|Any CPU.Build.0 = Release|Any CPU
	EndGlobalSection
EndGlobal
