
Microsoft Visual Studio Solution File, Format Version 12.00
# Visual Studio Version 17
VisualStudioVersion = 17.5.33627.172
MinimumVisualStudioVersion = 10.0.40219.1
Project("{9A19103F-16F7-4668-BE54-9A1E7A4F7556}") = "Feest.DataInit", "Feest.DataInit\Feest.DataInit.csproj", "{46A2BD7C-C00C-4E6A-B909-8D5E0A3D3ECA}"
EndProject
Project("{FAE04EC0-301F-11D3-BF4B-00C04F79EFBC}") = "Feest.ADO", "Feest.ADO\Feest.ADO.csproj", "{538EB2B7-EBD4-4F00-AB47-165C4668B3EF}"
EndProject
Project("{FAE04EC0-301F-11D3-BF4B-00C04F79EFBC}") = "Feest.Domain", "Feest.Domain\Feest.Domain.csproj", "{A53B4435-C1B7-463F-9B21-1B8C6983183A}"
EndProject
Project("{FAE04EC0-301F-11D3-BF4B-00C04F79EFBC}") = "Feest.StartUp", "Feest.StartUp\Feest.StartUp.csproj", "{7E23FE0B-2984-4CFE-B47E-D7CD30DCB0A7}"
EndProject
Project("{FAE04EC0-301F-11D3-BF4B-00C04F79EFBC}") = "Feest.Presentation", "Feest.Presentation\Feest.Presentation.csproj", "{84DDD339-DC8F-4078-B984-52F9F9C07998}"
EndProject
Global
	GlobalSection(SolutionConfigurationPlatforms) = preSolution
		Debug|Any CPU = Debug|Any CPU
		Release|Any CPU = Release|Any CPU
	EndGlobalSection
	GlobalSection(ProjectConfigurationPlatforms) = postSolution
		{46A2BD7C-C00C-4E6A-B909-8D5E0A3D3ECA}.Debug|Any CPU.ActiveCfg = Debug|Any CPU
		{46A2BD7C-C00C-4E6A-B909-8D5E0A3D3ECA}.Debug|Any CPU.Build.0 = Debug|Any CPU
		{46A2BD7C-C00C-4E6A-B909-8D5E0A3D3ECA}.Release|Any CPU.ActiveCfg = Release|Any CPU
		{46A2BD7C-C00C-4E6A-B909-8D5E0A3D3ECA}.Release|Any CPU.Build.0 = Release|Any CPU
		{538EB2B7-EBD4-4F00-AB47-165C4668B3EF}.Debug|Any CPU.ActiveCfg = Debug|Any CPU
		{538EB2B7-EBD4-4F00-AB47-165C4668B3EF}.Debug|Any CPU.Build.0 = Debug|Any CPU
		{538EB2B7-EBD4-4F00-AB47-165C4668B3EF}.Release|Any CPU.ActiveCfg = Release|Any CPU
		{538EB2B7-EBD4-4F00-AB47-165C4668B3EF}.Release|Any CPU.Build.0 = Release|Any CPU
		{A53B4435-C1B7-463F-9B21-1B8C6983183A}.Debug|Any CPU.ActiveCfg = Debug|Any CPU
		{A53B4435-C1B7-463F-9B21-1B8C6983183A}.Debug|Any CPU.Build.0 = Debug|Any CPU
		{A53B4435-C1B7-463F-9B21-1B8C6983183A}.Release|Any CPU.ActiveCfg = Release|Any CPU
		{A53B4435-C1B7-463F-9B21-1B8C6983183A}.Release|Any CPU.Build.0 = Release|Any CPU
		{7E23FE0B-2984-4CFE-B47E-D7CD30DCB0A7}.Debug|Any CPU.ActiveCfg = Debug|Any CPU
		{7E23FE0B-2984-4CFE-B47E-D7CD30DCB0A7}.Debug|Any CPU.Build.0 = Debug|Any CPU
		{7E23FE0B-2984-4CFE-B47E-D7CD30DCB0A7}.Release|Any CPU.ActiveCfg = Release|Any CPU
		{7E23FE0B-2984-4CFE-B47E-D7CD30DCB0A7}.Release|Any CPU.Build.0 = Release|Any CPU
		{84DDD339-DC8F-4078-B984-52F9F9C07998}.Debug|Any CPU.ActiveCfg = Debug|Any CPU
		{84DDD339-DC8F-4078-B984-52F9F9C07998}.Debug|Any CPU.Build.0 = Debug|Any CPU
		{84DDD339-DC8F-4078-B984-52F9F9C07998}.Release|Any CPU.ActiveCfg = Release|Any CPU
		{84DDD339-DC8F-4078-B984-52F9F9C07998}.Release|Any CPU.Build.0 = Release|Any CPU
	EndGlobalSection
	GlobalSection(SolutionProperties) = preSolution
		HideSolutionNode = FALSE
	EndGlobalSection
	GlobalSection(ExtensibilityGlobals) = postSolution
		SolutionGuid = {B3909F03-9525-4531-B012-7E1E4761AC61}
	EndGlobalSection
EndGlobal
