
Microsoft Visual Studio Solution File, Format Version 12.00
# Visual Studio Version 17
VisualStudioVersion = 17.5.33627.172
MinimumVisualStudioVersion = 10.0.40219.1
Project("{FAE04EC0-301F-11D3-BF4B-00C04F79EFBC}") = "H09-Grids", "H09-Grids.csproj", "{BD12DBD3-F935-4782-A52D-1C89EB6308DE}"
EndProject
Global
	GlobalSection(SolutionConfigurationPlatforms) = preSolution
		Debug|Any CPU = Debug|Any CPU
		Release|Any CPU = Release|Any CPU
	EndGlobalSection
	GlobalSection(ProjectConfigurationPlatforms) = postSolution
		{BD12DBD3-F935-4782-A52D-1C89EB6308DE}.Debug|Any CPU.ActiveCfg = Debug|Any CPU
		{BD12DBD3-F935-4782-A52D-1C89EB6308DE}.Debug|Any CPU.Build.0 = Debug|Any CPU
		{BD12DBD3-F935-4782-A52D-1C89EB6308DE}.Release|Any CPU.ActiveCfg = Release|Any CPU
		{BD12DBD3-F935-4782-A52D-1C89EB6308DE}.Release|Any CPU.Build.0 = Release|Any CPU
	EndGlobalSection
	GlobalSection(SolutionProperties) = preSolution
		HideSolutionNode = FALSE
	EndGlobalSection
	GlobalSection(ExtensibilityGlobals) = postSolution
		SolutionGuid = {1F3E43A0-BAB0-4924-B010-2BB9CB42714C}
	EndGlobalSection
EndGlobal
