
Microsoft Visual Studio Solution File, Format Version 12.00
Project("{FAE04EC0-301F-11D3-BF4B-00C04F79EFBC}") = "Pythagoras.Domain", "Pythagoras.Domain\Pythagoras.Domain.csproj", "{103174D7-A015-47B3-8DCE-232D86AAB838}"
EndProject
Project("{FAE04EC0-301F-11D3-BF4B-00C04F79EFBC}") = "Pythagoras.Test", "Pythagoras.Test\Pythagoras.Test.csproj", "{8720E49D-BFFD-443F-851F-C7629ABB969A}"
EndProject
Global
	GlobalSection(SolutionConfigurationPlatforms) = preSolution
		Debug|Any CPU = Debug|Any CPU
		Release|Any CPU = Release|Any CPU
	EndGlobalSection
	GlobalSection(ProjectConfigurationPlatforms) = postSolution
		{103174D7-A015-47B3-8DCE-232D86AAB838}.Debug|Any CPU.ActiveCfg = Debug|Any CPU
		{103174D7-A015-47B3-8DCE-232D86AAB838}.Debug|Any CPU.Build.0 = Debug|Any CPU
		{103174D7-A015-47B3-8DCE-232D86AAB838}.Release|Any CPU.ActiveCfg = Release|Any CPU
		{103174D7-A015-47B3-8DCE-232D86AAB838}.Release|Any CPU.Build.0 = Release|Any CPU
		{8720E49D-BFFD-443F-851F-C7629ABB969A}.Debug|Any CPU.ActiveCfg = Debug|Any CPU
		{8720E49D-BFFD-443F-851F-C7629ABB969A}.Debug|Any CPU.Build.0 = Debug|Any CPU
		{8720E49D-BFFD-443F-851F-C7629ABB969A}.Release|Any CPU.ActiveCfg = Release|Any CPU
		{8720E49D-BFFD-443F-851F-C7629ABB969A}.Release|Any CPU.Build.0 = Release|Any CPU
	EndGlobalSection
EndGlobal
