
Microsoft Visual Studio Solution File, Format Version 12.00
Project("{FAE04EC0-301F-11D3-BF4B-00C04F79EFBC}") = "H08-Dataprocessor", "H08-Dataprocessor\H08-Dataprocessor.csproj", "{D77D212F-2966-4B85-9557-0337CAB1D971}"
EndProject
Global
	GlobalSection(SolutionConfigurationPlatforms) = preSolution
		Debug|Any CPU = Debug|Any CPU
		Release|Any CPU = Release|Any CPU
	EndGlobalSection
	GlobalSection(ProjectConfigurationPlatforms) = postSolution
		{D77D212F-2966-4B85-9557-0337CAB1D971}.Debug|Any CPU.ActiveCfg = Debug|Any CPU
		{D77D212F-2966-4B85-9557-0337CAB1D971}.Debug|Any CPU.Build.0 = Debug|Any CPU
		{D77D212F-2966-4B85-9557-0337CAB1D971}.Release|Any CPU.ActiveCfg = Release|Any CPU
		{D77D212F-2966-4B85-9557-0337CAB1D971}.Release|Any CPU.Build.0 = Release|Any CPU
	EndGlobalSection
EndGlobal
